{
    "_readme": [
        "This file locks the dependencies of your project to a known state",
        "Read more about it at https://getcomposer.org/doc/01-basic-usage.md#composer-lock-the-lock-file",
        "This file is @generated automatically"
    ],
    "content-hash": "c52a51bbeb6e3f9dac4bdb1c73e5cbdb",
    "packages": [
        {
            "name": "hazelcodes/report-builder",
            "version": "dev-master",
            "source": {
                "type": "git",
                "url": "https://github.com/hazelcodes/php-report-builder.git",
                "reference": "e1cfd41dc021d80704769381e3f1bfc47ac46538"
            },
            "dist": {
                "type": "zip",
                "url": "https://api.github.com/repos/hazelcodes/php-report-builder/zipball/e1cfd41dc021d80704769381e3f1bfc47ac46538",
                "reference": "e1cfd41dc021d80704769381e3f1bfc47ac46538",
                "shasum": ""
            },
            "require": {
                "php": ">=7.0.22"
            },
            "type": "library",
            "autoload": {
                "psr-4": {
                    "ReportBuilder\\": "src/"
                }
            },
            "license": [
                "MIT"
            ],
            "description": "Package for building reports",
            "homepage": "https://github.com/hazelcodes/php-report-builder",
            "support": {
                "source": "https://github.com/hazelcodes/php-report-builder/tree/master",
                "issues": "https://github.com/hazelcodes/php-report-builder/issues"
            },
            "time": "2018-07-18T04:12:22+00:00"
        }
    ],
    "packages-dev": [],
    "aliases": [],
    "minimum-stability": "stable",
    "stability-flags": {
        "hazelcodes/report-builder": 20
    },
    "prefer-stable": false,
    "prefer-lowest": false,
    "platform": {
        "php": ">=7.0.22"
    },
    "platform-dev": []
}
